
Microsoft Visual Studio Solution File, Format Version 11.00
# Visual Studio 2010
Project("{FAE04EC0-301F-11D3-BF4B-00C04F79EFBC}") = "WeatherApplication", "WeatherApplication.csproj", "{FA47E78E-ED0B-4F58-B4AD-9A1A1972DBDD}"
EndProject
Global
	GlobalSection(SolutionConfigurationPlatforms) = preSolution
		Debug|x86 = Debug|x86
		Release|x86 = Release|x86
	EndGlobalSection
	GlobalSection(ProjectConfigurationPlatforms) = postSolution
		{FA47E78E-ED0B-4F58-B4AD-9A1A1972DBDD}.Debug|x86.ActiveCfg = Debug|x86
		{FA47E78E-ED0B-4F58-B4AD-9A1A1972DBDD}.Debug|x86.Build.0 = Debug|x86
		{FA47E78E-ED0B-4F58-B4AD-9A1A1972DBDD}.Release|x86.ActiveCfg = Release|x86
		{FA47E78E-ED0B-4F58-B4AD-9A1A1972DBDD}.Release|x86.Build.0 = Release|x86
	EndGlobalSection
	GlobalSection(SolutionProperties) = preSolution
		HideSolutionNode = FALSE
	EndGlobalSection
EndGlobal
